
Microsoft Visual Studio Solution File, Format Version 12.00
# Visual Studio Version 17
VisualStudioVersion = 17.0.31903.59
MinimumVisualStudioVersion = 10.0.40219.1
Project("{2150E333-8FDC-42A3-9474-1A3956D46DE8}") = "ExternalServices", "ExternalServices", "{141A4A67-0165-44DD-A00D-E4E952FD4464}"
EndProject
Project("{9A19103F-16F7-4668-BE54-9A1E7A4F7556}") = "BookCovers.API", "ExternalServices\BookCovers.API\BookCovers.API.csproj", "{854FA0EB-6764-4DE8-BC3B-37327FB6A1CE}"
EndProject
Project("{2150E333-8FDC-42A3-9474-1A3956D46DE8}") = "src", "src", "{0097752D-CDEF-467B-A668-CDF28CA7F980}"
EndProject
Project("{9A19103F-16F7-4668-BE54-9A1E7A4F7556}") = "Books.API", "src\Books.API\Books.API.csproj", "{6B88C37F-127C-4CF9-BF3B-00DEF095D542}"
EndProject
Project("{9A19103F-16F7-4668-BE54-9A1E7A4F7556}") = "Books.Application", "src\Books.Application\Books.Application.csproj", "{12F3E689-4174-4570-B187-46EA5F94F120}"
EndProject
Project("{9A19103F-16F7-4668-BE54-9A1E7A4F7556}") = "Books.Domain", "src\Books.Domain\Books.Domain.csproj", "{47FC4F20-F631-46DA-8F41-E24F125C2EDB}"
EndProject
Project("{9A19103F-16F7-4668-BE54-9A1E7A4F7556}") = "Books.Infrastructure", "src\Books.Infrastructure\Books.Infrastructure.csproj", "{E223BCC0-A78A-4473-9218-DEA69A8423B6}"
EndProject
Project("{9A19103F-16F7-4668-BE54-9A1E7A4F7556}") = "Books.Shared", "src\Books.Shared\Books.Shared.csproj", "{4242F645-C7D4-4311-8D77-CDEFC3762592}"
EndProject
Project("{2150E333-8FDC-42A3-9474-1A3956D46DE8}") = "tests", "tests", "{1609256D-5309-42E6-92FB-9A021F66D98F}"
EndProject
Project("{9A19103F-16F7-4668-BE54-9A1E7A4F7556}") = "Books.BlazorWasm.Tests", "tests\Books.BlazorWasm.Tests\Books.BlazorWasm.Tests.csproj", "{9045BD92-8D2B-42EF-AC80-4A625E80781A}"
EndProject
Project("{2150E333-8FDC-42A3-9474-1A3956D46DE8}") = "Clients", "Clients", "{1835B719-057D-4DDF-AC3A-AC0832363A11}"
EndProject
Project("{FAE04EC0-301F-11D3-BF4B-00C04F79EFBC}") = "Books.BlazorWasm", "Clients\Books.BlazorWasm\Books.BlazorWasm.csproj", "{9363CF1D-60B5-4AF0-9192-2983AA0A709D}"
EndProject
Global
	GlobalSection(SolutionConfigurationPlatforms) = preSolution
		Debug|Any CPU = Debug|Any CPU
		Debug|x64 = Debug|x64
		Debug|x86 = Debug|x86
		Release|Any CPU = Release|Any CPU
		Release|x64 = Release|x64
		Release|x86 = Release|x86
	EndGlobalSection
	GlobalSection(ProjectConfigurationPlatforms) = postSolution
		{854FA0EB-6764-4DE8-BC3B-37327FB6A1CE}.Debug|Any CPU.ActiveCfg = Debug|Any CPU
		{854FA0EB-6764-4DE8-BC3B-37327FB6A1CE}.Debug|Any CPU.Build.0 = Debug|Any CPU
		{854FA0EB-6764-4DE8-BC3B-37327FB6A1CE}.Debug|x64.ActiveCfg = Debug|Any CPU
		{854FA0EB-6764-4DE8-BC3B-37327FB6A1CE}.Debug|x64.Build.0 = Debug|Any CPU
		{854FA0EB-6764-4DE8-BC3B-37327FB6A1CE}.Debug|x86.ActiveCfg = Debug|Any CPU
		{854FA0EB-6764-4DE8-BC3B-37327FB6A1CE}.Debug|x86.Build.0 = Debug|Any CPU
		{854FA0EB-6764-4DE8-BC3B-37327FB6A1CE}.Release|Any CPU.ActiveCfg = Release|Any CPU
		{854FA0EB-6764-4DE8-BC3B-37327FB6A1CE}.Release|Any CPU.Build.0 = Release|Any CPU
		{854FA0EB-6764-4DE8-BC3B-37327FB6A1CE}.Release|x64.ActiveCfg = Release|Any CPU
		{854FA0EB-6764-4DE8-BC3B-37327FB6A1CE}.Release|x64.Build.0 = Release|Any CPU
		{854FA0EB-6764-4DE8-BC3B-37327FB6A1CE}.Release|x86.ActiveCfg = Release|Any CPU
		{854FA0EB-6764-4DE8-BC3B-37327FB6A1CE}.Release|x86.Build.0 = Release|Any CPU
		{6B88C37F-127C-4CF9-BF3B-00DEF095D542}.Debug|Any CPU.ActiveCfg = Debug|Any CPU
		{6B88C37F-127C-4CF9-BF3B-00DEF095D542}.Debug|Any CPU.Build.0 = Debug|Any CPU
		{6B88C37F-127C-4CF9-BF3B-00DEF095D542}.Debug|x64.ActiveCfg = Debug|Any CPU
		{6B88C37F-127C-4CF9-BF3B-00DEF095D542}.Debug|x64.Build.0 = Debug|Any CPU
		{6B88C37F-127C-4CF9-BF3B-00DEF095D542}.Debug|x86.ActiveCfg = Debug|Any CPU
		{6B88C37F-127C-4CF9-BF3B-00DEF095D542}.Debug|x86.Build.0 = Debug|Any CPU
		{6B88C37F-127C-4CF9-BF3B-00DEF095D542}.Release|Any CPU.ActiveCfg = Release|Any CPU
		{6B88C37F-127C-4CF9-BF3B-00DEF095D542}.Release|Any CPU.Build.0 = Release|Any CPU
		{6B88C37F-127C-4CF9-BF3B-00DEF095D542}.Release|x64.ActiveCfg = Release|Any CPU
		{6B88C37F-127C-4CF9-BF3B-00DEF095D542}.Release|x64.Build.0 = Release|Any CPU
		{6B88C37F-127C-4CF9-BF3B-00DEF095D542}.Release|x86.ActiveCfg = Release|Any CPU
		{6B88C37F-127C-4CF9-BF3B-00DEF095D542}.Release|x86.Build.0 = Release|Any CPU
		{12F3E689-4174-4570-B187-46EA5F94F120}.Debug|Any CPU.ActiveCfg = Debug|Any CPU
		{12F3E689-4174-4570-B187-46EA5F94F120}.Debug|Any CPU.Build.0 = Debug|Any CPU
		{12F3E689-4174-4570-B187-46EA5F94F120}.Debug|x64.ActiveCfg = Debug|Any CPU
		{12F3E689-4174-4570-B187-46EA5F94F120}.Debug|x64.Build.0 = Debug|Any CPU
		{12F3E689-4174-4570-B187-46EA5F94F120}.Debug|x86.ActiveCfg = Debug|Any CPU
		{12F3E689-4174-4570-B187-46EA5F94F120}.Debug|x86.Build.0 = Debug|Any CPU
		{12F3E689-4174-4570-B187-46EA5F94F120}.Release|Any CPU.ActiveCfg = Release|Any CPU
		{12F3E689-4174-4570-B187-46EA5F94F120}.Release|Any CPU.Build.0 = Release|Any CPU
		{12F3E689-4174-4570-B187-46EA5F94F120}.Release|x64.ActiveCfg = Release|Any CPU
		{12F3E689-4174-4570-B187-46EA5F94F120}.Release|x64.Build.0 = Release|Any CPU
		{12F3E689-4174-4570-B187-46EA5F94F120}.Release|x86.ActiveCfg = Release|Any CPU
		{12F3E689-4174-4570-B187-46EA5F94F120}.Release|x86.Build.0 = Release|Any CPU
		{47FC4F20-F631-46DA-8F41-E24F125C2EDB}.Debug|Any CPU.ActiveCfg = Debug|Any CPU
		{47FC4F20-F631-46DA-8F41-E24F125C2EDB}.Debug|Any CPU.Build.0 = Debug|Any CPU
		{47FC4F20-F631-46DA-8F41-E24F125C2EDB}.Debug|x64.ActiveCfg = Debug|Any CPU
		{47FC4F20-F631-46DA-8F41-E24F125C2EDB}.Debug|x64.Build.0 = Debug|Any CPU
		{47FC4F20-F631-46DA-8F41-E24F125C2EDB}.Debug|x86.ActiveCfg = Debug|Any CPU
		{47FC4F20-F631-46DA-8F41-E24F125C2EDB}.Debug|x86.Build.0 = Debug|Any CPU
		{47FC4F20-F631-46DA-8F41-E24F125C2EDB}.Release|Any CPU.ActiveCfg = Release|Any CPU
		{47FC4F20-F631-46DA-8F41-E24F125C2EDB}.Release|Any CPU.Build.0 = Release|Any CPU
		{47FC4F20-F631-46DA-8F41-E24F125C2EDB}.Release|x64.ActiveCfg = Release|Any CPU
		{47FC4F20-F631-46DA-8F41-E24F125C2EDB}.Release|x64.Build.0 = Release|Any CPU
		{47FC4F20-F631-46DA-8F41-E24F125C2EDB}.Release|x86.ActiveCfg = Release|Any CPU
		{47FC4F20-F631-46DA-8F41-E24F125C2EDB}.Release|x86.Build.0 = Release|Any CPU
		{E223BCC0-A78A-4473-9218-DEA69A8423B6}.Debug|Any CPU.ActiveCfg = Debug|Any CPU
		{E223BCC0-A78A-4473-9218-DEA69A8423B6}.Debug|Any CPU.Build.0 = Debug|Any CPU
		{E223BCC0-A78A-4473-9218-DEA69A8423B6}.Debug|x64.ActiveCfg = Debug|Any CPU
		{E223BCC0-A78A-4473-9218-DEA69A8423B6}.Debug|x64.Build.0 = Debug|Any CPU
		{E223BCC0-A78A-4473-9218-DEA69A8423B6}.Debug|x86.ActiveCfg = Debug|Any CPU
		{E223BCC0-A78A-4473-9218-DEA69A8423B6}.Debug|x86.Build.0 = Debug|Any CPU
		{E223BCC0-A78A-4473-9218-DEA69A8423B6}.Release|Any CPU.ActiveCfg = Release|Any CPU
		{E223BCC0-A78A-4473-9218-DEA69A8423B6}.Release|Any CPU.Build.0 = Release|Any CPU
		{E223BCC0-A78A-4473-9218-DEA69A8423B6}.Release|x64.ActiveCfg = Release|Any CPU
		{E223BCC0-A78A-4473-9218-DEA69A8423B6}.Release|x64.Build.0 = Release|Any CPU
		{E223BCC0-A78A-4473-9218-DEA69A8423B6}.Release|x86.ActiveCfg = Release|Any CPU
		{E223BCC0-A78A-4473-9218-DEA69A8423B6}.Release|x86.Build.0 = Release|Any CPU
		{4242F645-C7D4-4311-8D77-CDEFC3762592}.Debug|Any CPU.ActiveCfg = Debug|Any CPU
		{4242F645-C7D4-4311-8D77-CDEFC3762592}.Debug|Any CPU.Build.0 = Debug|Any CPU
		{4242F645-C7D4-4311-8D77-CDEFC3762592}.Debug|x64.ActiveCfg = Debug|Any CPU
		{4242F645-C7D4-4311-8D77-CDEFC3762592}.Debug|x64.Build.0 = Debug|Any CPU
		{4242F645-C7D4-4311-8D77-CDEFC3762592}.Debug|x86.ActiveCfg = Debug|Any CPU
		{4242F645-C7D4-4311-8D77-CDEFC3762592}.Debug|x86.Build.0 = Debug|Any CPU
		{4242F645-C7D4-4311-8D77-CDEFC3762592}.Release|Any CPU.ActiveCfg = Release|Any CPU
		{4242F645-C7D4-4311-8D77-CDEFC3762592}.Release|Any CPU.Build.0 = Release|Any CPU
		{4242F645-C7D4-4311-8D77-CDEFC3762592}.Release|x64.ActiveCfg = Release|Any CPU
		{4242F645-C7D4-4311-8D77-CDEFC3762592}.Release|x64.Build.0 = Release|Any CPU
		{4242F645-C7D4-4311-8D77-CDEFC3762592}.Release|x86.ActiveCfg = Release|Any CPU
		{4242F645-C7D4-4311-8D77-CDEFC3762592}.Release|x86.Build.0 = Release|Any CPU
		{9045BD92-8D2B-42EF-AC80-4A625E80781A}.Debug|Any CPU.ActiveCfg = Debug|Any CPU
		{9045BD92-8D2B-42EF-AC80-4A625E80781A}.Debug|Any CPU.Build.0 = Debug|Any CPU
		{9045BD92-8D2B-42EF-AC80-4A625E80781A}.Debug|x64.ActiveCfg = Debug|Any CPU
		{9045BD92-8D2B-42EF-AC80-4A625E80781A}.Debug|x64.Build.0 = Debug|Any CPU
		{9045BD92-8D2B-42EF-AC80-4A625E80781A}.Debug|x86.ActiveCfg = Debug|Any CPU
		{9045BD92-8D2B-42EF-AC80-4A625E80781A}.Debug|x86.Build.0 = Debug|Any CPU
		{9045BD92-8D2B-42EF-AC80-4A625E80781A}.Release|Any CPU.ActiveCfg = Release|Any CPU
		{9045BD92-8D2B-42EF-AC80-4A625E80781A}.Release|Any CPU.Build.0 = Release|Any CPU
		{9045BD92-8D2B-42EF-AC80-4A625E80781A}.Release|x64.ActiveCfg = Release|Any CPU
		{9045BD92-8D2B-42EF-AC80-4A625E80781A}.Release|x64.Build.0 = Release|Any CPU
		{9045BD92-8D2B-42EF-AC80-4A625E80781A}.Release|x86.ActiveCfg = Release|Any CPU
		{9045BD92-8D2B-42EF-AC80-4A625E80781A}.Release|x86.Build.0 = Release|Any CPU
		{9363CF1D-60B5-4AF0-9192-2983AA0A709D}.Debug|Any CPU.ActiveCfg = Debug|Any CPU
		{9363CF1D-60B5-4AF0-9192-2983AA0A709D}.Debug|Any CPU.Build.0 = Debug|Any CPU
		{9363CF1D-60B5-4AF0-9192-2983AA0A709D}.Debug|x64.ActiveCfg = Debug|Any CPU
		{9363CF1D-60B5-4AF0-9192-2983AA0A709D}.Debug|x64.Build.0 = Debug|Any CPU
		{9363CF1D-60B5-4AF0-9192-2983AA0A709D}.Debug|x86.ActiveCfg = Debug|Any CPU
		{9363CF1D-60B5-4AF0-9192-2983AA0A709D}.Debug|x86.Build.0 = Debug|Any CPU
		{9363CF1D-60B5-4AF0-9192-2983AA0A709D}.Release|Any CPU.ActiveCfg = Release|Any CPU
		{9363CF1D-60B5-4AF0-9192-2983AA0A709D}.Release|Any CPU.Build.0 = Release|Any CPU
		{9363CF1D-60B5-4AF0-9192-2983AA0A709D}.Release|x64.ActiveCfg = Release|Any CPU
		{9363CF1D-60B5-4AF0-9192-2983AA0A709D}.Release|x64.Build.0 = Release|Any CPU
		{9363CF1D-60B5-4AF0-9192-2983AA0A709D}.Release|x86.ActiveCfg = Release|Any CPU
		{9363CF1D-60B5-4AF0-9192-2983AA0A709D}.Release|x86.Build.0 = Release|Any CPU
	EndGlobalSection
	GlobalSection(SolutionProperties) = preSolution
		HideSolutionNode = FALSE
	EndGlobalSection
	GlobalSection(NestedProjects) = preSolution
		{854FA0EB-6764-4DE8-BC3B-37327FB6A1CE} = {141A4A67-0165-44DD-A00D-E4E952FD4464}
		{6B88C37F-127C-4CF9-BF3B-00DEF095D542} = {0097752D-CDEF-467B-A668-CDF28CA7F980}
		{12F3E689-4174-4570-B187-46EA5F94F120} = {0097752D-CDEF-467B-A668-CDF28CA7F980}
		{47FC4F20-F631-46DA-8F41-E24F125C2EDB} = {0097752D-CDEF-467B-A668-CDF28CA7F980}
		{E223BCC0-A78A-4473-9218-DEA69A8423B6} = {0097752D-CDEF-467B-A668-CDF28CA7F980}
		{4242F645-C7D4-4311-8D77-CDEFC3762592} = {0097752D-CDEF-467B-A668-CDF28CA7F980}
		{9045BD92-8D2B-42EF-AC80-4A625E80781A} = {1609256D-5309-42E6-92FB-9A021F66D98F}
		{9363CF1D-60B5-4AF0-9192-2983AA0A709D} = {1835B719-057D-4DDF-AC3A-AC0832363A11}
	EndGlobalSection
	GlobalSection(ExtensibilityGlobals) = postSolution
		SolutionGuid = {D46F642F-CFD2-475E-A4E6-42B97861346C}
	EndGlobalSection
EndGlobal
